
Microsoft Visual Studio Solution File, Format Version 12.00
# Visual Studio Version 16
VisualStudioVersion = 16.0.31829.152
MinimumVisualStudioVersion = 10.0.40219.1
Project("{FAE04EC0-301F-11D3-BF4B-00C04F79EFBC}") = "OutwardModTemplate", "OutwardModTemplate.csproj", "{C5450FE0-EDCF-483F-B9EA-4B1EF9D36DA7}"
EndProject
Project("{2150E333-8FDC-42A3-9474-1A3956D46DE8}") = "Solution Items", "Solution Items", "{B6ED54F4-66CA-4D50-B9B7-4537628E3BB9}"
	ProjectSection(SolutionItems) = preProject
		nuget.config = nuget.config
	EndProjectSection
EndProject
Global
	GlobalSection(SolutionConfigurationPlatforms) = preSolution
		Debug|Any CPU = Debug|Any CPU
		Release|Any CPU = Release|Any CPU
	EndGlobalSection
	GlobalSection(ProjectConfigurationPlatforms) = postSolution
		{C5450FE0-EDCF-483F-B9EA-4B1EF9D36DA7}.Debug|Any CPU.ActiveCfg = Debug|Any CPU
		{C5450FE0-EDCF-483F-B9EA-4B1EF9D36DA7}.Debug|Any CPU.Build.0 = Debug|Any CPU
		{C5450FE0-EDCF-483F-B9EA-4B1EF9D36DA7}.Release|Any CPU.ActiveCfg = Release|Any CPU
		{C5450FE0-EDCF-483F-B9EA-4B1EF9D36DA7}.Release|Any CPU.Build.0 = Release|Any CPU
	EndGlobalSection
	GlobalSection(SolutionProperties) = preSolution
		HideSolutionNode = FALSE
	EndGlobalSection
	GlobalSection(ExtensibilityGlobals) = postSolution
		SolutionGuid = {968BDF6E-1ADE-4F14-AF30-F3B2E9D20E78}
	EndGlobalSection
EndGlobal
